
Microsoft Visual Studio Solution File, Format Version 12.00
# Visual Studio Version 16
VisualStudioVersion = 16.0.809.7
MinimumVisualStudioVersion = 10.0.40219.1
Project("{FAE04EC0-301F-11D3-BF4B-00C04F79EFBC}") = "Autori", "Autori\Autori.csproj", "{8BFD21E1-9D2E-426B-BB12-6427AAFC918F}"
EndProject
Global
	GlobalSection(SolutionConfigurationPlatforms) = preSolution
		Debug|Any CPU = Debug|Any CPU
		Release|Any CPU = Release|Any CPU
	EndGlobalSection
	GlobalSection(ProjectConfigurationPlatforms) = postSolution
		{8BFD21E1-9D2E-426B-BB12-6427AAFC918F}.Debug|Any CPU.ActiveCfg = Debug|Any CPU
		{8BFD21E1-9D2E-426B-BB12-6427AAFC918F}.Debug|Any CPU.Build.0 = Debug|Any CPU
		{8BFD21E1-9D2E-426B-BB12-6427AAFC918F}.Release|Any CPU.ActiveCfg = Release|Any CPU
		{8BFD21E1-9D2E-426B-BB12-6427AAFC918F}.Release|Any CPU.Build.0 = Release|Any CPU
	EndGlobalSection
	GlobalSection(SolutionProperties) = preSolution
		HideSolutionNode = FALSE
	EndGlobalSection
	GlobalSection(ExtensibilityGlobals) = postSolution
		SolutionGuid = {430E2997-221A-45E1-A1A9-1ECEF5654923}
	EndGlobalSection
EndGlobal
